
Microsoft Visual Studio Solution File, Format Version 12.00
# Visual Studio Version 17
VisualStudioVersion = 17.7.34024.191
MinimumVisualStudioVersion = 10.0.40219.1
Project("{9A19103F-16F7-4668-BE54-9A1E7A4F7556}") = "Heritage", "Heritage\Heritage.csproj", "{DE694F05-3D4A-4B6E-BECB-8AE416FA7782}"
EndProject
Project("{9A19103F-16F7-4668-BE54-9A1E7A4F7556}") = "UtilisationExperessionLambda", "UtilisationExperessionLambda\UtilisationExperessionLambda.csproj", "{9E42EDC2-FC62-4D9C-AA2C-6768F3F03D64}"
EndProject
Project("{9A19103F-16F7-4668-BE54-9A1E7A4F7556}") = "Out_vs_Ref", "Out_vs_Ref\Out_vs_Ref.csproj", "{DEADDBC7-8859-48D8-9FE1-6C25E30CB600}"
EndProject
Project("{FAE04EC0-301F-11D3-BF4B-00C04F79EFBC}") = "TemperatureProcheZero", "TemperatureProcheZero\TemperatureProcheZero.csproj", "{55A3DA20-C8FB-4D28-9C99-B6A0DF45553F}"
EndProject
Global
	GlobalSection(SolutionConfigurationPlatforms) = preSolution
		Debug|Any CPU = Debug|Any CPU
		Release|Any CPU = Release|Any CPU
	EndGlobalSection
	GlobalSection(ProjectConfigurationPlatforms) = postSolution
		{DE694F05-3D4A-4B6E-BECB-8AE416FA7782}.Debug|Any CPU.ActiveCfg = Debug|Any CPU
		{DE694F05-3D4A-4B6E-BECB-8AE416FA7782}.Debug|Any CPU.Build.0 = Debug|Any CPU
		{DE694F05-3D4A-4B6E-BECB-8AE416FA7782}.Release|Any CPU.ActiveCfg = Release|Any CPU
		{DE694F05-3D4A-4B6E-BECB-8AE416FA7782}.Release|Any CPU.Build.0 = Release|Any CPU
		{9E42EDC2-FC62-4D9C-AA2C-6768F3F03D64}.Debug|Any CPU.ActiveCfg = Debug|Any CPU
		{9E42EDC2-FC62-4D9C-AA2C-6768F3F03D64}.Debug|Any CPU.Build.0 = Debug|Any CPU
		{9E42EDC2-FC62-4D9C-AA2C-6768F3F03D64}.Release|Any CPU.ActiveCfg = Release|Any CPU
		{9E42EDC2-FC62-4D9C-AA2C-6768F3F03D64}.Release|Any CPU.Build.0 = Release|Any CPU
		{DEADDBC7-8859-48D8-9FE1-6C25E30CB600}.Debug|Any CPU.ActiveCfg = Debug|Any CPU
		{DEADDBC7-8859-48D8-9FE1-6C25E30CB600}.Debug|Any CPU.Build.0 = Debug|Any CPU
		{DEADDBC7-8859-48D8-9FE1-6C25E30CB600}.Release|Any CPU.ActiveCfg = Release|Any CPU
		{DEADDBC7-8859-48D8-9FE1-6C25E30CB600}.Release|Any CPU.Build.0 = Release|Any CPU
		{55A3DA20-C8FB-4D28-9C99-B6A0DF45553F}.Debug|Any CPU.ActiveCfg = Debug|Any CPU
		{55A3DA20-C8FB-4D28-9C99-B6A0DF45553F}.Debug|Any CPU.Build.0 = Debug|Any CPU
		{55A3DA20-C8FB-4D28-9C99-B6A0DF45553F}.Release|Any CPU.ActiveCfg = Release|Any CPU
		{55A3DA20-C8FB-4D28-9C99-B6A0DF45553F}.Release|Any CPU.Build.0 = Release|Any CPU
	EndGlobalSection
	GlobalSection(SolutionProperties) = preSolution
		HideSolutionNode = FALSE
	EndGlobalSection
	GlobalSection(ExtensibilityGlobals) = postSolution
		SolutionGuid = {BB82FD43-2729-4E02-B5E9-5217249E3525}
	EndGlobalSection
EndGlobal
