
Microsoft Visual Studio Solution File, Format Version 12.00
# Visual Studio Version 17
VisualStudioVersion = 17.7.34024.191
MinimumVisualStudioVersion = 10.0.40219.1
Project("{FAE04EC0-301F-11D3-BF4B-00C04F79EFBC}") = "Heritage", "Heritage\Heritage.csproj", "{DE694F05-3D4A-4B6E-BECB-8AE416FA7782}"
EndProject
Project("{FAE04EC0-301F-11D3-BF4B-00C04F79EFBC}") = "UtilisationExperessionLambda", "UtilisationExperessionLambda\UtilisationExperessionLambda.csproj", "{9E42EDC2-FC62-4D9C-AA2C-6768F3F03D64}"
EndProject
Project("{FAE04EC0-301F-11D3-BF4B-00C04F79EFBC}") = "Dictionnairy", "Dictionnairy\Dictionnairy.csproj", "{0CE6AF94-D3B4-4DF1-AC8A-48420E093EA7}"
EndProject
Global
	GlobalSection(SolutionConfigurationPlatforms) = preSolution
		Debug|Any CPU = Debug|Any CPU
		Release|Any CPU = Release|Any CPU
	EndGlobalSection
	GlobalSection(ProjectConfigurationPlatforms) = postSolution
		{DE694F05-3D4A-4B6E-BECB-8AE416FA7782}.Debug|Any CPU.ActiveCfg = Debug|Any CPU
		{DE694F05-3D4A-4B6E-BECB-8AE416FA7782}.Debug|Any CPU.Build.0 = Debug|Any CPU
		{DE694F05-3D4A-4B6E-BECB-8AE416FA7782}.Release|Any CPU.ActiveCfg = Release|Any CPU
		{DE694F05-3D4A-4B6E-BECB-8AE416FA7782}.Release|Any CPU.Build.0 = Release|Any CPU
		{9E42EDC2-FC62-4D9C-AA2C-6768F3F03D64}.Debug|Any CPU.ActiveCfg = Debug|Any CPU
		{9E42EDC2-FC62-4D9C-AA2C-6768F3F03D64}.Debug|Any CPU.Build.0 = Debug|Any CPU
		{9E42EDC2-FC62-4D9C-AA2C-6768F3F03D64}.Release|Any CPU.ActiveCfg = Release|Any CPU
		{9E42EDC2-FC62-4D9C-AA2C-6768F3F03D64}.Release|Any CPU.Build.0 = Release|Any CPU
		{0CE6AF94-D3B4-4DF1-AC8A-48420E093EA7}.Debug|Any CPU.ActiveCfg = Debug|Any CPU
		{0CE6AF94-D3B4-4DF1-AC8A-48420E093EA7}.Debug|Any CPU.Build.0 = Debug|Any CPU
		{0CE6AF94-D3B4-4DF1-AC8A-48420E093EA7}.Release|Any CPU.ActiveCfg = Release|Any CPU
		{0CE6AF94-D3B4-4DF1-AC8A-48420E093EA7}.Release|Any CPU.Build.0 = Release|Any CPU
	EndGlobalSection
	GlobalSection(SolutionProperties) = preSolution
		HideSolutionNode = FALSE
	EndGlobalSection
	GlobalSection(ExtensibilityGlobals) = postSolution
		SolutionGuid = {BB82FD43-2729-4E02-B5E9-5217249E3525}
	EndGlobalSection
EndGlobal
